
Microsoft Visual Studio Solution File, Format Version 12.00
# Visual Studio Version 16
VisualStudioVersion = 16.0.30907.101
MinimumVisualStudioVersion = 10.0.40219.1
Project("{FAE04EC0-301F-11D3-BF4B-00C04F79EFBC}") = "MovieLibraryAPI", "MovieLibraryAPI\MovieLibraryAPI.csproj", "{C254941B-8D01-46F5-877D-7679B43424A0}"
EndProject
Global
	GlobalSection(SolutionConfigurationPlatforms) = preSolution
		Debug|Any CPU = Debug|Any CPU
		Release|Any CPU = Release|Any CPU
	EndGlobalSection
	GlobalSection(ProjectConfigurationPlatforms) = postSolution
		{C254941B-8D01-46F5-877D-7679B43424A0}.Debug|Any CPU.ActiveCfg = Debug|Any CPU
		{C254941B-8D01-46F5-877D-7679B43424A0}.Debug|Any CPU.Build.0 = Debug|Any CPU
		{C254941B-8D01-46F5-877D-7679B43424A0}.Release|Any CPU.ActiveCfg = Release|Any CPU
		{C254941B-8D01-46F5-877D-7679B43424A0}.Release|Any CPU.Build.0 = Release|Any CPU
	EndGlobalSection
	GlobalSection(SolutionProperties) = preSolution
		HideSolutionNode = FALSE
	EndGlobalSection
	GlobalSection(ExtensibilityGlobals) = postSolution
		SolutionGuid = {CFE9A368-E0A5-4CC4-A64D-62879E851033}
	EndGlobalSection
EndGlobal
